
Microsoft Visual Studio Solution File, Format Version 12.00
# Visual Studio 14
VisualStudioVersion = 14.0.25420.1
MinimumVisualStudioVersion = 10.0.40219.1
Project("{FAE04EC0-301F-11D3-BF4B-00C04F79EFBC}") = "JerniganManager", "JerniganManager\JerniganManager.csproj", "{10922B84-4FDF-446A-97A7-C27492C80C9C}"
EndProject
Project("{FAE04EC0-301F-11D3-BF4B-00C04F79EFBC}") = "Proxies", "Proxies\Proxies.csproj", "{E75A4B11-8179-427C-96EF-D6B2C0F02146}"
EndProject
Project("{FAE04EC0-301F-11D3-BF4B-00C04F79EFBC}") = "Shared", "Shared\Shared.csproj", "{9177181A-2F4E-482E-BF8C-10820DE84848}"
EndProject
Project("{FAE04EC0-301F-11D3-BF4B-00C04F79EFBC}") = "Contracts", "Contracts\Contracts.csproj", "{0C7E12CC-42F6-4412-938F-1FFFAEACF50E}"
EndProject
Project("{FAE04EC0-301F-11D3-BF4B-00C04F79EFBC}") = "ConsoleHost", "ConsoleHost\ConsoleHost.csproj", "{17AEE5BF-FFEF-482E-B9A1-76D2BA7ACACB}"
EndProject
Project("{FAE04EC0-301F-11D3-BF4B-00C04F79EFBC}") = "TestClient", "TestClient\TestClient.csproj", "{C6C27E8B-BA41-4B8F-AB18-27B4523A2B70}"
EndProject
Project("{FAE04EC0-301F-11D3-BF4B-00C04F79EFBC}") = "JerniganResourceAccess", "JerniganResourceAccess\JerniganResourceAccess.csproj", "{036198CD-ED37-4E27-971B-790567121A8D}"
EndProject
Project("{FAE04EC0-301F-11D3-BF4B-00C04F79EFBC}") = "AccountManager", "AccountManager\AccountManager.csproj", "{6836EBD3-2141-4051-8241-2173495F79A7}"
EndProject
Project("{FAE04EC0-301F-11D3-BF4B-00C04F79EFBC}") = "AccountResourceAccess", "AccountResourceAccess\AccountResourceAccess.csproj", "{BCB9EE45-3AEF-405E-8972-A2102EDB9E06}"
EndProject
Project("{FAE04EC0-301F-11D3-BF4B-00C04F79EFBC}") = "JerniganService", "JerniganService\JerniganService.csproj", "{FA804BFD-7056-42DC-9C0F-864015741CFF}"
EndProject
Project("{FAE04EC0-301F-11D3-BF4B-00C04F79EFBC}") = "JerniganManagerTests", "JerniganManagerTests\JerniganManagerTests.csproj", "{963C3974-6B39-4615-8DB2-AB46BC5BAE1D}"
EndProject
Project("{FAE04EC0-301F-11D3-BF4B-00C04F79EFBC}") = "AccountManagerTests", "AccountManagerTests\AccountManagerTests.csproj", "{86CD14B4-9ADC-4D0F-918A-3CC94DE78B45}"
EndProject
Project("{FAE04EC0-301F-11D3-BF4B-00C04F79EFBC}") = "AccountResourceAccessTests", "AccountResourceAccessTests\AccountResourceAccessTests.csproj", "{72B553AF-763A-4A86-A831-F3C191CA5557}"
EndProject
Project("{FAE04EC0-301F-11D3-BF4B-00C04F79EFBC}") = "JerniganResourceAccessTests", "JerniganResourceAccessTests\JerniganResourceAccessTests.csproj", "{EE97C131-C756-4A4C-AB61-3C47E2351B05}"
EndProject
Project("{FAE04EC0-301F-11D3-BF4B-00C04F79EFBC}") = "JerniganServiceTests", "JerniganServiceTests\JerniganServiceTests.csproj", "{92521B08-5B6E-4437-ACD8-A02D568FD73A}"
EndProject
Project("{00D1A9C2-B5F0-4AF3-8072-F6C62B433612}") = "JerniganDB", "JerniganDB\JerniganDB.sqlproj", "{99A59B45-1A54-49B7-89F7-EE1CBC57CDA8}"
EndProject
Global
	GlobalSection(SolutionConfigurationPlatforms) = preSolution
		Debug|Any CPU = Debug|Any CPU
		Release|Any CPU = Release|Any CPU
	EndGlobalSection
	GlobalSection(ProjectConfigurationPlatforms) = postSolution
		{10922B84-4FDF-446A-97A7-C27492C80C9C}.Debug|Any CPU.ActiveCfg = Debug|Any CPU
		{10922B84-4FDF-446A-97A7-C27492C80C9C}.Debug|Any CPU.Build.0 = Debug|Any CPU
		{10922B84-4FDF-446A-97A7-C27492C80C9C}.Release|Any CPU.ActiveCfg = Release|Any CPU
		{10922B84-4FDF-446A-97A7-C27492C80C9C}.Release|Any CPU.Build.0 = Release|Any CPU
		{E75A4B11-8179-427C-96EF-D6B2C0F02146}.Debug|Any CPU.ActiveCfg = Debug|Any CPU
		{E75A4B11-8179-427C-96EF-D6B2C0F02146}.Debug|Any CPU.Build.0 = Debug|Any CPU
		{E75A4B11-8179-427C-96EF-D6B2C0F02146}.Release|Any CPU.ActiveCfg = Release|Any CPU
		{E75A4B11-8179-427C-96EF-D6B2C0F02146}.Release|Any CPU.Build.0 = Release|Any CPU
		{9177181A-2F4E-482E-BF8C-10820DE84848}.Debug|Any CPU.ActiveCfg = Debug|Any CPU
		{9177181A-2F4E-482E-BF8C-10820DE84848}.Debug|Any CPU.Build.0 = Debug|Any CPU
		{9177181A-2F4E-482E-BF8C-10820DE84848}.Release|Any CPU.ActiveCfg = Release|Any CPU
		{9177181A-2F4E-482E-BF8C-10820DE84848}.Release|Any CPU.Build.0 = Release|Any CPU
		{0C7E12CC-42F6-4412-938F-1FFFAEACF50E}.Debug|Any CPU.ActiveCfg = Debug|Any CPU
		{0C7E12CC-42F6-4412-938F-1FFFAEACF50E}.Debug|Any CPU.Build.0 = Debug|Any CPU
		{0C7E12CC-42F6-4412-938F-1FFFAEACF50E}.Release|Any CPU.ActiveCfg = Release|Any CPU
		{0C7E12CC-42F6-4412-938F-1FFFAEACF50E}.Release|Any CPU.Build.0 = Release|Any CPU
		{17AEE5BF-FFEF-482E-B9A1-76D2BA7ACACB}.Debug|Any CPU.ActiveCfg = Debug|Any CPU
		{17AEE5BF-FFEF-482E-B9A1-76D2BA7ACACB}.Debug|Any CPU.Build.0 = Debug|Any CPU
		{17AEE5BF-FFEF-482E-B9A1-76D2BA7ACACB}.Release|Any CPU.ActiveCfg = Release|Any CPU
		{17AEE5BF-FFEF-482E-B9A1-76D2BA7ACACB}.Release|Any CPU.Build.0 = Release|Any CPU
		{C6C27E8B-BA41-4B8F-AB18-27B4523A2B70}.Debug|Any CPU.ActiveCfg = Debug|Any CPU
		{C6C27E8B-BA41-4B8F-AB18-27B4523A2B70}.Debug|Any CPU.Build.0 = Debug|Any CPU
		{C6C27E8B-BA41-4B8F-AB18-27B4523A2B70}.Release|Any CPU.ActiveCfg = Release|Any CPU
		{C6C27E8B-BA41-4B8F-AB18-27B4523A2B70}.Release|Any CPU.Build.0 = Release|Any CPU
		{036198CD-ED37-4E27-971B-790567121A8D}.Debug|Any CPU.ActiveCfg = Debug|Any CPU
		{036198CD-ED37-4E27-971B-790567121A8D}.Debug|Any CPU.Build.0 = Debug|Any CPU
		{036198CD-ED37-4E27-971B-790567121A8D}.Release|Any CPU.ActiveCfg = Release|Any CPU
		{036198CD-ED37-4E27-971B-790567121A8D}.Release|Any CPU.Build.0 = Release|Any CPU
		{6836EBD3-2141-4051-8241-2173495F79A7}.Debug|Any CPU.ActiveCfg = Debug|Any CPU
		{6836EBD3-2141-4051-8241-2173495F79A7}.Debug|Any CPU.Build.0 = Debug|Any CPU
		{6836EBD3-2141-4051-8241-2173495F79A7}.Release|Any CPU.ActiveCfg = Release|Any CPU
		{6836EBD3-2141-4051-8241-2173495F79A7}.Release|Any CPU.Build.0 = Release|Any CPU
		{BCB9EE45-3AEF-405E-8972-A2102EDB9E06}.Debug|Any CPU.ActiveCfg = Debug|Any CPU
		{BCB9EE45-3AEF-405E-8972-A2102EDB9E06}.Debug|Any CPU.Build.0 = Debug|Any CPU
		{BCB9EE45-3AEF-405E-8972-A2102EDB9E06}.Release|Any CPU.ActiveCfg = Release|Any CPU
		{BCB9EE45-3AEF-405E-8972-A2102EDB9E06}.Release|Any CPU.Build.0 = Release|Any CPU
		{FA804BFD-7056-42DC-9C0F-864015741CFF}.Debug|Any CPU.ActiveCfg = Debug|Any CPU
		{FA804BFD-7056-42DC-9C0F-864015741CFF}.Debug|Any CPU.Build.0 = Debug|Any CPU
		{FA804BFD-7056-42DC-9C0F-864015741CFF}.Release|Any CPU.ActiveCfg = Release|Any CPU
		{FA804BFD-7056-42DC-9C0F-864015741CFF}.Release|Any CPU.Build.0 = Release|Any CPU
		{963C3974-6B39-4615-8DB2-AB46BC5BAE1D}.Debug|Any CPU.ActiveCfg = Debug|Any CPU
		{963C3974-6B39-4615-8DB2-AB46BC5BAE1D}.Debug|Any CPU.Build.0 = Debug|Any CPU
		{963C3974-6B39-4615-8DB2-AB46BC5BAE1D}.Release|Any CPU.ActiveCfg = Release|Any CPU
		{963C3974-6B39-4615-8DB2-AB46BC5BAE1D}.Release|Any CPU.Build.0 = Release|Any CPU
		{86CD14B4-9ADC-4D0F-918A-3CC94DE78B45}.Debug|Any CPU.ActiveCfg = Debug|Any CPU
		{86CD14B4-9ADC-4D0F-918A-3CC94DE78B45}.Debug|Any CPU.Build.0 = Debug|Any CPU
		{86CD14B4-9ADC-4D0F-918A-3CC94DE78B45}.Release|Any CPU.ActiveCfg = Release|Any CPU
		{86CD14B4-9ADC-4D0F-918A-3CC94DE78B45}.Release|Any CPU.Build.0 = Release|Any CPU
		{72B553AF-763A-4A86-A831-F3C191CA5557}.Debug|Any CPU.ActiveCfg = Debug|Any CPU
		{72B553AF-763A-4A86-A831-F3C191CA5557}.Debug|Any CPU.Build.0 = Debug|Any CPU
		{72B553AF-763A-4A86-A831-F3C191CA5557}.Release|Any CPU.ActiveCfg = Release|Any CPU
		{72B553AF-763A-4A86-A831-F3C191CA5557}.Release|Any CPU.Build.0 = Release|Any CPU
		{EE97C131-C756-4A4C-AB61-3C47E2351B05}.Debug|Any CPU.ActiveCfg = Debug|Any CPU
		{EE97C131-C756-4A4C-AB61-3C47E2351B05}.Debug|Any CPU.Build.0 = Debug|Any CPU
		{EE97C131-C756-4A4C-AB61-3C47E2351B05}.Release|Any CPU.ActiveCfg = Release|Any CPU
		{EE97C131-C756-4A4C-AB61-3C47E2351B05}.Release|Any CPU.Build.0 = Release|Any CPU
		{92521B08-5B6E-4437-ACD8-A02D568FD73A}.Debug|Any CPU.ActiveCfg = Debug|Any CPU
		{92521B08-5B6E-4437-ACD8-A02D568FD73A}.Debug|Any CPU.Build.0 = Debug|Any CPU
		{92521B08-5B6E-4437-ACD8-A02D568FD73A}.Release|Any CPU.ActiveCfg = Release|Any CPU
		{92521B08-5B6E-4437-ACD8-A02D568FD73A}.Release|Any CPU.Build.0 = Release|Any CPU
		{99A59B45-1A54-49B7-89F7-EE1CBC57CDA8}.Debug|Any CPU.ActiveCfg = Debug|Any CPU
		{99A59B45-1A54-49B7-89F7-EE1CBC57CDA8}.Debug|Any CPU.Build.0 = Debug|Any CPU
		{99A59B45-1A54-49B7-89F7-EE1CBC57CDA8}.Debug|Any CPU.Deploy.0 = Debug|Any CPU
		{99A59B45-1A54-49B7-89F7-EE1CBC57CDA8}.Release|Any CPU.ActiveCfg = Release|Any CPU
		{99A59B45-1A54-49B7-89F7-EE1CBC57CDA8}.Release|Any CPU.Build.0 = Release|Any CPU
		{99A59B45-1A54-49B7-89F7-EE1CBC57CDA8}.Release|Any CPU.Deploy.0 = Release|Any CPU
	EndGlobalSection
	GlobalSection(SolutionProperties) = preSolution
		HideSolutionNode = FALSE
	EndGlobalSection
EndGlobal
